
Microsoft Visual Studio Solution File, Format Version 12.00
# Visual Studio 14
VisualStudioVersion = 14.0.24720.0
MinimumVisualStudioVersion = 10.0.40219.1
Project("{8BC9CEB8-8B4A-11D0-8D11-00A0C91BC942}") = "gpg-error", "gpg-error.vcxproj", "{AF388A49-3AEA-4D28-9BD4-242497BEBC54}"
EndProject
Project("{8BC9CEB8-8B4A-11D0-8D11-00A0C91BC942}") = "mkheader", "mkheader.vcxproj", "{BF20D34B-7D5C-4025-A31B-38CFE4FAFDEC}"
EndProject
Project("{8BC9CEB8-8B4A-11D0-8D11-00A0C91BC942}") = "mkerrcodes", "mkerrcodes.vcxproj", "{3E9242C1-0796-4BF2-8842-29C46851B5EC}"
EndProject
Global
	GlobalSection(SolutionConfigurationPlatforms) = preSolution
		Debug|x64 = Debug|x64
		Debug|x86 = Debug|x86
		Release|x64 = Release|x64
		Release|x86 = Release|x86
	EndGlobalSection
	GlobalSection(ProjectConfigurationPlatforms) = postSolution
		{AF388A49-3AEA-4D28-9BD4-242497BEBC54}.Debug|x64.ActiveCfg = Debug|x64
		{AF388A49-3AEA-4D28-9BD4-242497BEBC54}.Debug|x64.Build.0 = Debug|x64
		{AF388A49-3AEA-4D28-9BD4-242497BEBC54}.Debug|x86.ActiveCfg = Debug|Win32
		{AF388A49-3AEA-4D28-9BD4-242497BEBC54}.Debug|x86.Build.0 = Debug|Win32
		{AF388A49-3AEA-4D28-9BD4-242497BEBC54}.Release|x64.ActiveCfg = Release|x64
		{AF388A49-3AEA-4D28-9BD4-242497BEBC54}.Release|x64.Build.0 = Release|x64
		{AF388A49-3AEA-4D28-9BD4-242497BEBC54}.Release|x86.ActiveCfg = Release|Win32
		{AF388A49-3AEA-4D28-9BD4-242497BEBC54}.Release|x86.Build.0 = Release|Win32
		{BF20D34B-7D5C-4025-A31B-38CFE4FAFDEC}.Debug|x64.ActiveCfg = Debug|x64
		{BF20D34B-7D5C-4025-A31B-38CFE4FAFDEC}.Debug|x64.Build.0 = Debug|x64
		{BF20D34B-7D5C-4025-A31B-38CFE4FAFDEC}.Debug|x86.ActiveCfg = Debug|Win32
		{BF20D34B-7D5C-4025-A31B-38CFE4FAFDEC}.Debug|x86.Build.0 = Debug|Win32
		{BF20D34B-7D5C-4025-A31B-38CFE4FAFDEC}.Release|x64.ActiveCfg = Release|x64
		{BF20D34B-7D5C-4025-A31B-38CFE4FAFDEC}.Release|x64.Build.0 = Release|x64
		{BF20D34B-7D5C-4025-A31B-38CFE4FAFDEC}.Release|x86.ActiveCfg = Release|Win32
		{BF20D34B-7D5C-4025-A31B-38CFE4FAFDEC}.Release|x86.Build.0 = Release|Win32
		{3E9242C1-0796-4BF2-8842-29C46851B5EC}.Debug|x64.ActiveCfg = Debug|x64
		{3E9242C1-0796-4BF2-8842-29C46851B5EC}.Debug|x64.Build.0 = Debug|x64
		{3E9242C1-0796-4BF2-8842-29C46851B5EC}.Debug|x86.ActiveCfg = Debug|Win32
		{3E9242C1-0796-4BF2-8842-29C46851B5EC}.Debug|x86.Build.0 = Debug|Win32
		{3E9242C1-0796-4BF2-8842-29C46851B5EC}.Release|x64.ActiveCfg = Release|x64
		{3E9242C1-0796-4BF2-8842-29C46851B5EC}.Release|x64.Build.0 = Release|x64
		{3E9242C1-0796-4BF2-8842-29C46851B5EC}.Release|x86.ActiveCfg = Release|Win32
		{3E9242C1-0796-4BF2-8842-29C46851B5EC}.Release|x86.Build.0 = Release|Win32
	EndGlobalSection
	GlobalSection(SolutionProperties) = preSolution
		HideSolutionNode = FALSE
	EndGlobalSection
EndGlobal
